
Microsoft Visual Studio Solution File, Format Version 12.00
# Visual Studio 15
VisualStudioVersion = 15.0.28307.438
MinimumVisualStudioVersion = 10.0.40219.1
Project("{FAE04EC0-301F-11D3-BF4B-00C04F79EFBC}") = "Module2_Lab_InformDefend", "Module2_Lab_InformDefend\Module2_Lab_InformDefend.csproj", "{2E3B4580-FCDB-4CB4-9F64-3E19187874AD}"
EndProject
Global
	GlobalSection(SolutionConfigurationPlatforms) = preSolution
		Debug|Any CPU = Debug|Any CPU
		Release|Any CPU = Release|Any CPU
	EndGlobalSection
	GlobalSection(ProjectConfigurationPlatforms) = postSolution
		{2E3B4580-FCDB-4CB4-9F64-3E19187874AD}.Debug|Any CPU.ActiveCfg = Debug|Any CPU
		{2E3B4580-FCDB-4CB4-9F64-3E19187874AD}.Debug|Any CPU.Build.0 = Debug|Any CPU
		{2E3B4580-FCDB-4CB4-9F64-3E19187874AD}.Release|Any CPU.ActiveCfg = Release|Any CPU
		{2E3B4580-FCDB-4CB4-9F64-3E19187874AD}.Release|Any CPU.Build.0 = Release|Any CPU
	EndGlobalSection
	GlobalSection(SolutionProperties) = preSolution
		HideSolutionNode = FALSE
	EndGlobalSection
	GlobalSection(ExtensibilityGlobals) = postSolution
		SolutionGuid = {5D04BED8-44E0-4439-8AB1-50502A7CA922}
	EndGlobalSection
EndGlobal
